
Microsoft Visual Studio Solution File, Format Version 12.00
# Visual Studio 15
VisualStudioVersion = 15.0.27130.2026
MinimumVisualStudioVersion = 10.0.40219.1
Project("{FAE04EC0-301F-11D3-BF4B-00C04F79EFBC}") = "TestDataGenerator", "TestDataGenerator\TestDataGenerator.csproj", "{80B4BE02-A39C-455E-A060-81823203296D}"
EndProject
Project("{FAE04EC0-301F-11D3-BF4B-00C04F79EFBC}") = "MaxValueLibrary", "MaxValueLibrary\MaxValueLibrary.csproj", "{339E5CE2-4D4B-432A-B83B-D07CC4264912}"
EndProject
Global
	GlobalSection(SolutionConfigurationPlatforms) = preSolution
		Debug|Any CPU = Debug|Any CPU
		Release|Any CPU = Release|Any CPU
	EndGlobalSection
	GlobalSection(ProjectConfigurationPlatforms) = postSolution
		{80B4BE02-A39C-455E-A060-81823203296D}.Debug|Any CPU.ActiveCfg = Debug|Any CPU
		{80B4BE02-A39C-455E-A060-81823203296D}.Debug|Any CPU.Build.0 = Debug|Any CPU
		{80B4BE02-A39C-455E-A060-81823203296D}.Release|Any CPU.ActiveCfg = Release|Any CPU
		{80B4BE02-A39C-455E-A060-81823203296D}.Release|Any CPU.Build.0 = Release|Any CPU
		{339E5CE2-4D4B-432A-B83B-D07CC4264912}.Debug|Any CPU.ActiveCfg = Debug|Any CPU
		{339E5CE2-4D4B-432A-B83B-D07CC4264912}.Debug|Any CPU.Build.0 = Debug|Any CPU
		{339E5CE2-4D4B-432A-B83B-D07CC4264912}.Release|Any CPU.ActiveCfg = Release|Any CPU
		{339E5CE2-4D4B-432A-B83B-D07CC4264912}.Release|Any CPU.Build.0 = Release|Any CPU
	EndGlobalSection
	GlobalSection(SolutionProperties) = preSolution
		HideSolutionNode = FALSE
	EndGlobalSection
	GlobalSection(ExtensibilityGlobals) = postSolution
		SolutionGuid = {3F2DD70F-3F5D-40CB-90A6-E8C52EA61950}
	EndGlobalSection
EndGlobal
