
Microsoft Visual Studio Solution File, Format Version 12.00
# Visual Studio 15
VisualStudioVersion = 15.0.27428.2002
MinimumVisualStudioVersion = 10.0.40219.1
Project("{FAE04EC0-301F-11D3-BF4B-00C04F79EFBC}") = "Closure", "Closure\Closure.csproj", "{06A717D6-0612-4165-8116-29FDC5016661}"
EndProject
Project("{FAE04EC0-301F-11D3-BF4B-00C04F79EFBC}") = "Deadlock", "Deadlock\Deadlock.csproj", "{2718D4D6-4F5F-44BB-A588-4B795620B9E9}"
EndProject
Project("{FAE04EC0-301F-11D3-BF4B-00C04F79EFBC}") = "MulticastDelegate", "MulticastDelegate\MulticastDelegate.csproj", "{9932B42C-3C27-4A42-8F40-D2B50B5C5CD3}"
EndProject
Project("{FAE04EC0-301F-11D3-BF4B-00C04F79EFBC}") = "ParallelMax", "ParallelMax\ParallelMax.csproj", "{C58FCF41-AC72-4709-B3EF-B9B471885214}"
EndProject
Global
	GlobalSection(SolutionConfigurationPlatforms) = preSolution
		Debug|Any CPU = Debug|Any CPU
		Release|Any CPU = Release|Any CPU
	EndGlobalSection
	GlobalSection(ProjectConfigurationPlatforms) = postSolution
		{06A717D6-0612-4165-8116-29FDC5016661}.Debug|Any CPU.ActiveCfg = Debug|Any CPU
		{06A717D6-0612-4165-8116-29FDC5016661}.Debug|Any CPU.Build.0 = Debug|Any CPU
		{06A717D6-0612-4165-8116-29FDC5016661}.Release|Any CPU.ActiveCfg = Release|Any CPU
		{06A717D6-0612-4165-8116-29FDC5016661}.Release|Any CPU.Build.0 = Release|Any CPU
		{2718D4D6-4F5F-44BB-A588-4B795620B9E9}.Debug|Any CPU.ActiveCfg = Debug|Any CPU
		{2718D4D6-4F5F-44BB-A588-4B795620B9E9}.Debug|Any CPU.Build.0 = Debug|Any CPU
		{2718D4D6-4F5F-44BB-A588-4B795620B9E9}.Release|Any CPU.ActiveCfg = Release|Any CPU
		{2718D4D6-4F5F-44BB-A588-4B795620B9E9}.Release|Any CPU.Build.0 = Release|Any CPU
		{9932B42C-3C27-4A42-8F40-D2B50B5C5CD3}.Debug|Any CPU.ActiveCfg = Debug|Any CPU
		{9932B42C-3C27-4A42-8F40-D2B50B5C5CD3}.Debug|Any CPU.Build.0 = Debug|Any CPU
		{9932B42C-3C27-4A42-8F40-D2B50B5C5CD3}.Release|Any CPU.ActiveCfg = Release|Any CPU
		{9932B42C-3C27-4A42-8F40-D2B50B5C5CD3}.Release|Any CPU.Build.0 = Release|Any CPU
		{C58FCF41-AC72-4709-B3EF-B9B471885214}.Debug|Any CPU.ActiveCfg = Debug|Any CPU
		{C58FCF41-AC72-4709-B3EF-B9B471885214}.Debug|Any CPU.Build.0 = Debug|Any CPU
		{C58FCF41-AC72-4709-B3EF-B9B471885214}.Release|Any CPU.ActiveCfg = Release|Any CPU
		{C58FCF41-AC72-4709-B3EF-B9B471885214}.Release|Any CPU.Build.0 = Release|Any CPU
	EndGlobalSection
	GlobalSection(SolutionProperties) = preSolution
		HideSolutionNode = FALSE
	EndGlobalSection
	GlobalSection(ExtensibilityGlobals) = postSolution
		SolutionGuid = {E23D4AA2-75AC-4EE7-9F28-B6E0DBD845CF}
	EndGlobalSection
EndGlobal
